// !$*UTF8*$!
{
	archiveVersion = 1;
	classes = {
	};
	objectVersion = 56;
	objects = {

/* Begin PBXBuildFile section */
		14A7C7FC6419085306F12DA2 /* StubCameraSessionUseCase.swift in Sources */ = {isa = PBXBuildFile; fileRef = 2B08439725235755D41C1EAF /* StubCameraSessionUseCase.swift */; };
		15DFE2CF216B06555C534275 /* StubNetworkReachability.swift in Sources */ = {isa = PBXBuildFile; fileRef = 4D25A9C9E886780A53C6A40B /* StubNetworkReachability.swift */; };
		197384BE68E003E95AC66A83 /* XCTestCase+BehaviorDriven.swift in Sources */ = {isa = PBXBuildFile; fileRef = 473C7706AF7C67DE6882E61A /* XCTestCase+BehaviorDriven.swift */; };
		1FF1F492FF141CC72A59935C /* Pretendard-Regular.otf in Resources */ = {isa = PBXBuildFile; fileRef = 3B1234C28B564ECAC8CEA786 /* Pretendard-Regular.otf */; };
		222F86008558F2BF1F997BD0 /* StubRemoteBananaQualityRepository.swift in Sources */ = {isa = PBXBuildFile; fileRef = 334587395CB37ABAAAC0DF99 /* StubRemoteBananaQualityRepository.swift */; };
		27EDC78E24003CBED6003D83 /* Pretendard-Light.otf in Resources */ = {isa = PBXBuildFile; fileRef = 9897DD8E1E3DE1ED9C080387 /* Pretendard-Light.otf */; };
		2AC6AF74912CA4CB5B47B72B /* RemoteBananaQualityRepository.swift in Sources */ = {isa = PBXBuildFile; fileRef = 2A822D55194F7FF6FAD50697 /* RemoteBananaQualityRepository.swift */; };
		2C8AA5ADF05FBC514D5360FF /* RxTest in Frameworks */ = {isa = PBXBuildFile; productRef = F7F764839D76B5CD3873D752 /* RxTest */; };
		33C42723B536261878ACD493 /* Pretendard-ExtraBold.otf in Resources */ = {isa = PBXBuildFile; fileRef = A9E2E48D1DEF673C600ECEF6 /* Pretendard-ExtraBold.otf */; };
		372750342092DEE85F990537 /* AppCoordinator.swift in Sources */ = {isa = PBXBuildFile; fileRef = 8FCE61E55F5298A2EA0F2B3A /* AppCoordinator.swift */; };
		3C691E6C0452F9B30A530423 /* DefaultOnDeviceQualityInspectionUseCase.swift in Sources */ = {isa = PBXBuildFile; fileRef = 7A7460630BB58F728406480F /* DefaultOnDeviceQualityInspectionUseCase.swift */; };
		3CE4EDAECD3E7411EF65FDB0 /* DefaultRemoteQualityInspectionUseCaseTests.swift in Sources */ = {isa = PBXBuildFile; fileRef = 3A7F269642647A9AF2BEAB97 /* DefaultRemoteQualityInspectionUseCaseTests.swift */; };
		4614824930A8F8D88DBCBDA4 /* Fixtures.swift in Sources */ = {isa = PBXBuildFile; fileRef = 1308466B3E8A451CA17CDF67 /* Fixtures.swift */; };
		4725DFE8F8297DEBA4607076 /* OnDeviceQualityInspectionUseCase.swift in Sources */ = {isa = PBXBuildFile; fileRef = E2156A95F7AB13FEFBFE9B94 /* OnDeviceQualityInspectionUseCase.swift */; };
		4B567056FEC800201CF1B79A /* RxCocoa in Frameworks */ = {isa = PBXBuildFile; productRef = 4FDC2BD7821936D884A53B42 /* RxCocoa */; };
		4EEFF4AA41596F5026E2A9B1 /* UIFont+Pretendard.swift in Sources */ = {isa = PBXBuildFile; fileRef = 9A14C728FF2BEF7DE9C71525 /* UIFont+Pretendard.swift */; };
		50881DE7705AF9D3B09F9A85 /* RxCocoa in Frameworks */ = {isa = PBXBuildFile; productRef = 4A637E995BB9D278CEE5650B /* RxCocoa */; };
		50F526D40D78F07081C3DFEE /* RxRelay in Frameworks */ = {isa = PBXBuildFile; productRef = 752D6B58B8D6FFD85FC7C488 /* RxRelay */; };
		5B7723C6AF40D4676A1AB6C0 /* SnapKit in Frameworks */ = {isa = PBXBuildFile; productRef = 7BA1DB077F41A9DC88240518 /* SnapKit */; };
		62D31C560A340662EDC741E6 /* RxSwift in Frameworks */ = {isa = PBXBuildFile; productRef = 8B9C5092EAFA33B63FD86FF7 /* RxSwift */; };
		66D669336A64D99E4B4612F8 /* StubOnDeviceBananaQualityRepository.swift in Sources */ = {isa = PBXBuildFile; fileRef = 2EE1D2B3426FBE6396569CAF /* StubOnDeviceBananaQualityRepository.swift */; };
		678E67A2DACE2D762F17E59B /* CameraSessionUseCase.swift in Sources */ = {isa = PBXBuildFile; fileRef = F9F6AFE27C8A2E148C5AF120 /* CameraSessionUseCase.swift */; };
		6CFDC074B952EF72EFA23294 /* UIFontPretendardTests.swift in Sources */ = {isa = PBXBuildFile; fileRef = C5B0D2A34B3417D5F09ACFA5 /* UIFontPretendardTests.swift */; };
		6D625AAB8B58CA8E1C600160 /* RemoteQualityInspectionUseCase.swift in Sources */ = {isa = PBXBuildFile; fileRef = EEF03EBF14C733871602140F /* RemoteQualityInspectionUseCase.swift */; };
		759C88A88564B011CC6510B6 /* QualityInspectionError.swift in Sources */ = {isa = PBXBuildFile; fileRef = DAA91E945629B07E573F1B30 /* QualityInspectionError.swift */; };
		7D5B6F196FD1E19AEF38C0D6 /* RxBlocking in Frameworks */ = {isa = PBXBuildFile; productRef = 21213B20894F7FB1FD00D296 /* RxBlocking */; };
		83E7FB1954C942A386705D6A /* Coordinator.swift in Sources */ = {isa = PBXBuildFile; fileRef = 275ECA3155A42C46BD34360E /* Coordinator.swift */; };
		874689AD4C6334E0EF7E4A19 /* CameraViewController.swift in Sources */ = {isa = PBXBuildFile; fileRef = 92691B915367118DE0D4D041 /* CameraViewController.swift */; };
		94CDFA2DC1724EF38F158AA8 /* CameraPreviewView.swift in Sources */ = {isa = PBXBuildFile; fileRef = 00C8239F801FD1ED8DB8F2FA /* CameraPreviewView.swift */; };
		9D696998B09245AD45D0C5DB /* Pretendard-Bold.otf in Resources */ = {isa = PBXBuildFile; fileRef = BFC0BED211E931C42F674678 /* Pretendard-Bold.otf */; };
		9F8041197B9400791269BE09 /* DefaultOnDeviceQualityInspectionUseCaseTests.swift in Sources */ = {isa = PBXBuildFile; fileRef = 46525111C581002163E73E20 /* DefaultOnDeviceQualityInspectionUseCaseTests.swift */; };
		9F8E8843C68AABD42935B276 /* QualityAssessment.swift in Sources */ = {isa = PBXBuildFile; fileRef = E814EFAF107E694CDA601B40 /* QualityAssessment.swift */; };
		A06BAA13D08CC74E21BA2F5B /* CapturedPhoto.swift in Sources */ = {isa = PBXBuildFile; fileRef = 64118900F81BB1DB33C65FC1 /* CapturedPhoto.swift */; };
		A07922F91F6D65E585E65F4A /* OnDeviceBananaQualityRepository.swift in Sources */ = {isa = PBXBuildFile; fileRef = B1DD0B47F50D9558439CFC47 /* OnDeviceBananaQualityRepository.swift */; };
		A230157F9E49522DC8D4E88F /* ImageOrientation.swift in Sources */ = {isa = PBXBuildFile; fileRef = 14898CE0EAF83006FF67162B /* ImageOrientation.swift */; };
		A4844E5D63404B1A8A02B881 /* CameraReactor.swift in Sources */ = {isa = PBXBuildFile; fileRef = 39B0974086E4B12FB035510F /* CameraReactor.swift */; };
		ABDE3FCFC432AD9343830EF7 /* RxSwift in Frameworks */ = {isa = PBXBuildFile; productRef = B7212326704084121872A492 /* RxSwift */; };
		AD81896BD38136199ADAC4F3 /* CameraError.swift in Sources */ = {isa = PBXBuildFile; fileRef = 797783369EAED89D169B4D4A /* CameraError.swift */; };
		B02698120F7C43959A77E59F /* DefaultCameraSessionUseCase.swift in Sources */ = {isa = PBXBuildFile; fileRef = CFC232510945316EDCE46B15 /* DefaultCameraSessionUseCase.swift */; };
		B1EED76829266015004A65BC /* AppDelegate.swift in Sources */ = {isa = PBXBuildFile; fileRef = B1EED76729266015004A65BC /* AppDelegate.swift */; };
		B1EED76A29266015004A65BC /* SceneDelegate.swift in Sources */ = {isa = PBXBuildFile; fileRef = B1EED76929266015004A65BC /* SceneDelegate.swift */; };
		B1EED77129266017004A65BC /* Assets.xcassets in Resources */ = {isa = PBXBuildFile; fileRef = B1EED77029266017004A65BC /* Assets.xcassets */; };
		B1EED77429266017004A65BC /* LaunchScreen.storyboard in Resources */ = {isa = PBXBuildFile; fileRef = B1EED77229266017004A65BC /* LaunchScreen.storyboard */; };
		BB12A2E77DB6431B4A668CB3 /* BananaGrade.swift in Sources */ = {isa = PBXBuildFile; fileRef = 5B187A17C7A6F3BE6BA1749C /* BananaGrade.swift */; };
		BF0C6F011BE7316EBB1E1A6E /* ImageOrientation+UIKit.swift in Sources */ = {isa = PBXBuildFile; fileRef = A34AF84C5B6526047937846F /* ImageOrientation+UIKit.swift */; };
		C0807F2741EB6FDFFEAC4525 /* ReactorKit in Frameworks */ = {isa = PBXBuildFile; productRef = 5374E0693E9865A14B08A92B /* ReactorKit */; };
		C561B0FB6098AB6E74CB73EC /* AVFoundationPhotoCaptureSession.swift in Sources */ = {isa = PBXBuildFile; fileRef = 577DD335EB4F68573C0F1685 /* AVFoundationPhotoCaptureSession.swift */; };
		C91B2CFB4A9EE8C76DD6A8DC /* CameraReactorTests.swift in Sources */ = {isa = PBXBuildFile; fileRef = 86478852BC611F023BFBC07D /* CameraReactorTests.swift */; };
		CEF4EC604CAD0F6E60A15D08 /* CameraViewControllerTests.swift in Sources */ = {isa = PBXBuildFile; fileRef = B31680AE8D2DBCABD5650D7A /* CameraViewControllerTests.swift */; };
		CEF787887BABA00167306AC7 /* CameraCoordinator.swift in Sources */ = {isa = PBXBuildFile; fileRef = CA8942643FACD1F5022C7EFB /* CameraCoordinator.swift */; };
		D5C3AC745B69F5EEA9F1F35B /* Pretendard-Medium.otf in Resources */ = {isa = PBXBuildFile; fileRef = 4B630AADB2763E9B7AA91B1F /* Pretendard-Medium.otf */; };
		D84A8D5DEAA0D6A2D4A3335E /* AppDependency.swift in Sources */ = {isa = PBXBuildFile; fileRef = 5D5A6DC424933FA8B72881B5 /* AppDependency.swift */; };
		ECC5E7959E15D64EA10515F6 /* ReactorKit in Frameworks */ = {isa = PBXBuildFile; productRef = E5DDF1CDCBCB6636C6BD1352 /* ReactorKit */; };
		F743E44994283825228098BE /* CameraRepository.swift in Sources */ = {isa = PBXBuildFile; fileRef = AA605B806609F4B26DE65233 /* CameraRepository.swift */; };
		F7CA80B0E0C16EE1C7317C95 /* NetworkReachability.swift in Sources */ = {isa = PBXBuildFile; fileRef = 43B43446BD1D58DE976618FE /* NetworkReachability.swift */; };
		FB1BD4104DAB51947FCA5815 /* DefaultRemoteQualityInspectionUseCase.swift in Sources */ = {isa = PBXBuildFile; fileRef = 80499D5A0AB1CEE45C40FCFB /* DefaultRemoteQualityInspectionUseCase.swift */; };
		FCD8E5F8F35008ABACDB8647 /* Pretendard-SemiBold.otf in Resources */ = {isa = PBXBuildFile; fileRef = F47C6AF0C3132CA18A1C4B8D /* Pretendard-SemiBold.otf */; };
		FD9A209FDC8DE07AB9824097 /* InferenceSource.swift in Sources */ = {isa = PBXBuildFile; fileRef = 042D491D694164D3742872A3 /* InferenceSource.swift */; };
/* End PBXBuildFile section */

/* Begin PBXContainerItemProxy section */
		AB6827F6DF951B992064C2AF /* PBXContainerItemProxy */ = {
			isa = PBXContainerItemProxy;
			containerPortal = B1EED75C29266015004A65BC /* Project object */;
			proxyType = 1;
			remoteGlobalIDString = B1EED76329266015004A65BC;
			remoteInfo = SmartAI;
		};
/* End PBXContainerItemProxy section */

/* Begin PBXFileReference section */
		00C8239F801FD1ED8DB8F2FA /* CameraPreviewView.swift */ = {isa = PBXFileReference; includeInIndex = 1; lastKnownFileType = sourcecode.swift; path = CameraPreviewView.swift; sourceTree = "<group>"; };
		042D491D694164D3742872A3 /* InferenceSource.swift */ = {isa = PBXFileReference; includeInIndex = 1; lastKnownFileType = sourcecode.swift; path = InferenceSource.swift; sourceTree = "<group>"; };
		1308466B3E8A451CA17CDF67 /* Fixtures.swift */ = {isa = PBXFileReference; includeInIndex = 1; lastKnownFileType = sourcecode.swift; path = Fixtures.swift; sourceTree = "<group>"; };
		14898CE0EAF83006FF67162B /* ImageOrientation.swift */ = {isa = PBXFileReference; includeInIndex = 1; lastKnownFileType = sourcecode.swift; path = ImageOrientation.swift; sourceTree = "<group>"; };
		275ECA3155A42C46BD34360E /* Coordinator.swift */ = {isa = PBXFileReference; includeInIndex = 1; lastKnownFileType = sourcecode.swift; path = Coordinator.swift; sourceTree = "<group>"; };
		2A822D55194F7FF6FAD50697 /* RemoteBananaQualityRepository.swift */ = {isa = PBXFileReference; includeInIndex = 1; lastKnownFileType = sourcecode.swift; path = RemoteBananaQualityRepository.swift; sourceTree = "<group>"; };
		2B08439725235755D41C1EAF /* StubCameraSessionUseCase.swift */ = {isa = PBXFileReference; includeInIndex = 1; lastKnownFileType = sourcecode.swift; path = StubCameraSessionUseCase.swift; sourceTree = "<group>"; };
		2EE1D2B3426FBE6396569CAF /* StubOnDeviceBananaQualityRepository.swift */ = {isa = PBXFileReference; includeInIndex = 1; lastKnownFileType = sourcecode.swift; path = StubOnDeviceBananaQualityRepository.swift; sourceTree = "<group>"; };
		334587395CB37ABAAAC0DF99 /* StubRemoteBananaQualityRepository.swift */ = {isa = PBXFileReference; includeInIndex = 1; lastKnownFileType = sourcecode.swift; path = StubRemoteBananaQualityRepository.swift; sourceTree = "<group>"; };
		39B0974086E4B12FB035510F /* CameraReactor.swift */ = {isa = PBXFileReference; includeInIndex = 1; lastKnownFileType = sourcecode.swift; path = CameraReactor.swift; sourceTree = "<group>"; };
		3A7F269642647A9AF2BEAB97 /* DefaultRemoteQualityInspectionUseCaseTests.swift */ = {isa = PBXFileReference; includeInIndex = 1; lastKnownFileType = sourcecode.swift; path = DefaultRemoteQualityInspectionUseCaseTests.swift; sourceTree = "<group>"; };
		3B1234C28B564ECAC8CEA786 /* Pretendard-Regular.otf */ = {isa = PBXFileReference; includeInIndex = 1; path = "Pretendard-Regular.otf"; sourceTree = "<group>"; };
		43B43446BD1D58DE976618FE /* NetworkReachability.swift */ = {isa = PBXFileReference; includeInIndex = 1; lastKnownFileType = sourcecode.swift; path = NetworkReachability.swift; sourceTree = "<group>"; };
		46525111C581002163E73E20 /* DefaultOnDeviceQualityInspectionUseCaseTests.swift */ = {isa = PBXFileReference; includeInIndex = 1; lastKnownFileType = sourcecode.swift; path = DefaultOnDeviceQualityInspectionUseCaseTests.swift; sourceTree = "<group>"; };
		473C7706AF7C67DE6882E61A /* XCTestCase+BehaviorDriven.swift */ = {isa = PBXFileReference; includeInIndex = 1; lastKnownFileType = sourcecode.swift; path = "XCTestCase+BehaviorDriven.swift"; sourceTree = "<group>"; };
		4B630AADB2763E9B7AA91B1F /* Pretendard-Medium.otf */ = {isa = PBXFileReference; includeInIndex = 1; path = "Pretendard-Medium.otf"; sourceTree = "<group>"; };
		4D25A9C9E886780A53C6A40B /* StubNetworkReachability.swift */ = {isa = PBXFileReference; includeInIndex = 1; lastKnownFileType = sourcecode.swift; path = StubNetworkReachability.swift; sourceTree = "<group>"; };
		577DD335EB4F68573C0F1685 /* AVFoundationPhotoCaptureSession.swift */ = {isa = PBXFileReference; includeInIndex = 1; lastKnownFileType = sourcecode.swift; path = AVFoundationPhotoCaptureSession.swift; sourceTree = "<group>"; };
		5B187A17C7A6F3BE6BA1749C /* BananaGrade.swift */ = {isa = PBXFileReference; includeInIndex = 1; lastKnownFileType = sourcecode.swift; path = BananaGrade.swift; sourceTree = "<group>"; };
		5D5A6DC424933FA8B72881B5 /* AppDependency.swift */ = {isa = PBXFileReference; includeInIndex = 1; lastKnownFileType = sourcecode.swift; path = AppDependency.swift; sourceTree = "<group>"; };
		64118900F81BB1DB33C65FC1 /* CapturedPhoto.swift */ = {isa = PBXFileReference; includeInIndex = 1; lastKnownFileType = sourcecode.swift; path = CapturedPhoto.swift; sourceTree = "<group>"; };
		797783369EAED89D169B4D4A /* CameraError.swift */ = {isa = PBXFileReference; includeInIndex = 1; lastKnownFileType = sourcecode.swift; path = CameraError.swift; sourceTree = "<group>"; };
		7A7460630BB58F728406480F /* DefaultOnDeviceQualityInspectionUseCase.swift */ = {isa = PBXFileReference; includeInIndex = 1; lastKnownFileType = sourcecode.swift; path = DefaultOnDeviceQualityInspectionUseCase.swift; sourceTree = "<group>"; };
		80499D5A0AB1CEE45C40FCFB /* DefaultRemoteQualityInspectionUseCase.swift */ = {isa = PBXFileReference; includeInIndex = 1; lastKnownFileType = sourcecode.swift; path = DefaultRemoteQualityInspectionUseCase.swift; sourceTree = "<group>"; };
		86478852BC611F023BFBC07D /* CameraReactorTests.swift */ = {isa = PBXFileReference; includeInIndex = 1; lastKnownFileType = sourcecode.swift; path = CameraReactorTests.swift; sourceTree = "<group>"; };
		8FCE61E55F5298A2EA0F2B3A /* AppCoordinator.swift */ = {isa = PBXFileReference; includeInIndex = 1; lastKnownFileType = sourcecode.swift; path = AppCoordinator.swift; sourceTree = "<group>"; };
		92691B915367118DE0D4D041 /* CameraViewController.swift */ = {isa = PBXFileReference; includeInIndex = 1; lastKnownFileType = sourcecode.swift; path = CameraViewController.swift; sourceTree = "<group>"; };
		9897DD8E1E3DE1ED9C080387 /* Pretendard-Light.otf */ = {isa = PBXFileReference; includeInIndex = 1; path = "Pretendard-Light.otf"; sourceTree = "<group>"; };
		9A14C728FF2BEF7DE9C71525 /* UIFont+Pretendard.swift */ = {isa = PBXFileReference; includeInIndex = 1; lastKnownFileType = sourcecode.swift; path = "UIFont+Pretendard.swift"; sourceTree = "<group>"; };
		A34AF84C5B6526047937846F /* ImageOrientation+UIKit.swift */ = {isa = PBXFileReference; includeInIndex = 1; lastKnownFileType = sourcecode.swift; path = "ImageOrientation+UIKit.swift"; sourceTree = "<group>"; };
		A9E2E48D1DEF673C600ECEF6 /* Pretendard-ExtraBold.otf */ = {isa = PBXFileReference; includeInIndex = 1; path = "Pretendard-ExtraBold.otf"; sourceTree = "<group>"; };
		AA605B806609F4B26DE65233 /* CameraRepository.swift */ = {isa = PBXFileReference; includeInIndex = 1; lastKnownFileType = sourcecode.swift; path = CameraRepository.swift; sourceTree = "<group>"; };
		AEF3584E8EE5DBA84420AEA3 /* SmartAITests.xctest */ = {isa = PBXFileReference; explicitFileType = wrapper.cfbundle; includeInIndex = 0; path = SmartAITests.xctest; sourceTree = BUILT_PRODUCTS_DIR; };
		B1DD0B47F50D9558439CFC47 /* OnDeviceBananaQualityRepository.swift */ = {isa = PBXFileReference; includeInIndex = 1; lastKnownFileType = sourcecode.swift; path = OnDeviceBananaQualityRepository.swift; sourceTree = "<group>"; };
		B1EED76429266015004A65BC /* SmartAI.app */ = {isa = PBXFileReference; explicitFileType = wrapper.application; includeInIndex = 0; path = SmartAI.app; sourceTree = BUILT_PRODUCTS_DIR; };
		B1EED76729266015004A65BC /* AppDelegate.swift */ = {isa = PBXFileReference; lastKnownFileType = sourcecode.swift; path = AppDelegate.swift; sourceTree = "<group>"; };
		B1EED76929266015004A65BC /* SceneDelegate.swift */ = {isa = PBXFileReference; lastKnownFileType = sourcecode.swift; path = SceneDelegate.swift; sourceTree = "<group>"; };
		B1EED77029266017004A65BC /* Assets.xcassets */ = {isa = PBXFileReference; lastKnownFileType = folder.assetcatalog; path = Assets.xcassets; sourceTree = "<group>"; };
		B1EED77329266017004A65BC /* Base */ = {isa = PBXFileReference; lastKnownFileType = file.storyboard; name = Base; path = Base.lproj/LaunchScreen.storyboard; sourceTree = "<group>"; };
		B1EED77529266017004A65BC /* Info.plist */ = {isa = PBXFileReference; lastKnownFileType = text.plist.xml; path = Info.plist; sourceTree = "<group>"; };
		B31680AE8D2DBCABD5650D7A /* CameraViewControllerTests.swift */ = {isa = PBXFileReference; includeInIndex = 1; lastKnownFileType = sourcecode.swift; path = CameraViewControllerTests.swift; sourceTree = "<group>"; };
		BFC0BED211E931C42F674678 /* Pretendard-Bold.otf */ = {isa = PBXFileReference; includeInIndex = 1; path = "Pretendard-Bold.otf"; sourceTree = "<group>"; };
		C5B0D2A34B3417D5F09ACFA5 /* UIFontPretendardTests.swift */ = {isa = PBXFileReference; includeInIndex = 1; lastKnownFileType = sourcecode.swift; path = UIFontPretendardTests.swift; sourceTree = "<group>"; };
		CA8942643FACD1F5022C7EFB /* CameraCoordinator.swift */ = {isa = PBXFileReference; includeInIndex = 1; lastKnownFileType = sourcecode.swift; path = CameraCoordinator.swift; sourceTree = "<group>"; };
		CFC232510945316EDCE46B15 /* DefaultCameraSessionUseCase.swift */ = {isa = PBXFileReference; includeInIndex = 1; lastKnownFileType = sourcecode.swift; path = DefaultCameraSessionUseCase.swift; sourceTree = "<group>"; };
		DAA91E945629B07E573F1B30 /* QualityInspectionError.swift */ = {isa = PBXFileReference; includeInIndex = 1; lastKnownFileType = sourcecode.swift; path = QualityInspectionError.swift; sourceTree = "<group>"; };
		E2156A95F7AB13FEFBFE9B94 /* OnDeviceQualityInspectionUseCase.swift */ = {isa = PBXFileReference; includeInIndex = 1; lastKnownFileType = sourcecode.swift; path = OnDeviceQualityInspectionUseCase.swift; sourceTree = "<group>"; };
		E814EFAF107E694CDA601B40 /* QualityAssessment.swift */ = {isa = PBXFileReference; includeInIndex = 1; lastKnownFileType = sourcecode.swift; path = QualityAssessment.swift; sourceTree = "<group>"; };
		EEF03EBF14C733871602140F /* RemoteQualityInspectionUseCase.swift */ = {isa = PBXFileReference; includeInIndex = 1; lastKnownFileType = sourcecode.swift; path = RemoteQualityInspectionUseCase.swift; sourceTree = "<group>"; };
		F47C6AF0C3132CA18A1C4B8D /* Pretendard-SemiBold.otf */ = {isa = PBXFileReference; includeInIndex = 1; path = "Pretendard-SemiBold.otf"; sourceTree = "<group>"; };
		F9F6AFE27C8A2E148C5AF120 /* CameraSessionUseCase.swift */ = {isa = PBXFileReference; includeInIndex = 1; lastKnownFileType = sourcecode.swift; path = CameraSessionUseCase.swift; sourceTree = "<group>"; };
/* End PBXFileReference section */

/* Begin PBXFrameworksBuildPhase section */
		18CF0ED64C99A97DA4E0B74C /* Frameworks */ = {
			isa = PBXFrameworksBuildPhase;
			buildActionMask = 2147483647;
			files = (
				ABDE3FCFC432AD9343830EF7 /* RxSwift in Frameworks */,
				2C8AA5ADF05FBC514D5360FF /* RxTest in Frameworks */,
				7D5B6F196FD1E19AEF38C0D6 /* RxBlocking in Frameworks */,
				ECC5E7959E15D64EA10515F6 /* ReactorKit in Frameworks */,
				50881DE7705AF9D3B09F9A85 /* RxCocoa in Frameworks */,
			);
			runOnlyForDeploymentPostprocessing = 0;
		};
		B1EED76129266015004A65BC /* Frameworks */ = {
			isa = PBXFrameworksBuildPhase;
			buildActionMask = 2147483647;
			files = (
				5B7723C6AF40D4676A1AB6C0 /* SnapKit in Frameworks */,
				62D31C560A340662EDC741E6 /* RxSwift in Frameworks */,
				4B567056FEC800201CF1B79A /* RxCocoa in Frameworks */,
				50F526D40D78F07081C3DFEE /* RxRelay in Frameworks */,
				C0807F2741EB6FDFFEAC4525 /* ReactorKit in Frameworks */,
			);
			runOnlyForDeploymentPostprocessing = 0;
		};
/* End PBXFrameworksBuildPhase section */

/* Begin PBXGroup section */
		35639D5C92D902775DECCEEF /* Domain */ = {
			isa = PBXGroup;
			children = (
				C6DBABBD1349214C9C67B9E2 /* Entity */,
				9268A29BE35FA1DE214CCC74 /* Repository */,
				8AC934770BDC3F53069B14D6 /* UseCase */,
			);
			name = Domain;
			path = Domain;
			sourceTree = "<group>";
		};
		38289F6AC7BF5057B9D35394 /* Extension */ = {
			isa = PBXGroup;
			children = (
				C5B0D2A34B3417D5F09ACFA5 /* UIFontPretendardTests.swift */,
			);
			name = Extension;
			path = Extension;
			sourceTree = "<group>";
		};
		387C0D46A6C5B3A296EB77C1 /* Camera */ = {
			isa = PBXGroup;
			children = (
				39B0974086E4B12FB035510F /* CameraReactor.swift */,
				00C8239F801FD1ED8DB8F2FA /* CameraPreviewView.swift */,
				92691B915367118DE0D4D041 /* CameraViewController.swift */,
				CA8942643FACD1F5022C7EFB /* CameraCoordinator.swift */,
			);
			name = Camera;
			path = Camera;
			sourceTree = "<group>";
		};
		39B6B628AA616312B94C7364 /* Camera */ = {
			isa = PBXGroup;
			children = (
				577DD335EB4F68573C0F1685 /* AVFoundationPhotoCaptureSession.swift */,
			);
			name = Camera;
			path = Camera;
			sourceTree = "<group>";
		};
		558EE155953918DAEF503355 /* Camera */ = {
			isa = PBXGroup;
			children = (
				86478852BC611F023BFBC07D /* CameraReactorTests.swift */,
				B31680AE8D2DBCABD5650D7A /* CameraViewControllerTests.swift */,
			);
			name = Camera;
			path = Camera;
			sourceTree = "<group>";
		};
		60470B75557DC5E669F1939E /* Fonts */ = {
			isa = PBXGroup;
			children = (
				9897DD8E1E3DE1ED9C080387 /* Pretendard-Light.otf */,
				3B1234C28B564ECAC8CEA786 /* Pretendard-Regular.otf */,
				4B630AADB2763E9B7AA91B1F /* Pretendard-Medium.otf */,
				F47C6AF0C3132CA18A1C4B8D /* Pretendard-SemiBold.otf */,
				BFC0BED211E931C42F674678 /* Pretendard-Bold.otf */,
				A9E2E48D1DEF673C600ECEF6 /* Pretendard-ExtraBold.otf */,
			);
			name = Fonts;
			path = Fonts;
			sourceTree = "<group>";
		};
		898263DBCA1F7A35073E8B8E /* DataSource */ = {
			isa = PBXGroup;
			children = (
				39B6B628AA616312B94C7364 /* Camera */,
			);
			name = DataSource;
			path = DataSource;
			sourceTree = "<group>";
		};
		8AC934770BDC3F53069B14D6 /* UseCase */ = {
			isa = PBXGroup;
			children = (
				E2156A95F7AB13FEFBFE9B94 /* OnDeviceQualityInspectionUseCase.swift */,
				EEF03EBF14C733871602140F /* RemoteQualityInspectionUseCase.swift */,
				F9F6AFE27C8A2E148C5AF120 /* CameraSessionUseCase.swift */,
				80499D5A0AB1CEE45C40FCFB /* DefaultRemoteQualityInspectionUseCase.swift */,
				7A7460630BB58F728406480F /* DefaultOnDeviceQualityInspectionUseCase.swift */,
				CFC232510945316EDCE46B15 /* DefaultCameraSessionUseCase.swift */,
			);
			name = UseCase;
			path = UseCase;
			sourceTree = "<group>";
		};
		8CF448DA945F595040E11976 /* SmartAITests */ = {
			isa = PBXGroup;
			children = (
				E4D6CDAEF01C226D83658C9C /* Support */,
				C4665C96B1ED53A5809699AA /* Presentation */,
				C36FEC73E7AC4FCE636477BE /* Domain */,
			);
			name = SmartAITests;
			path = SmartAITests;
			sourceTree = "<group>";
		};
		8EA5489B0D1BB0DC69B9A19F /* UseCase */ = {
			isa = PBXGroup;
			children = (
				3A7F269642647A9AF2BEAB97 /* DefaultRemoteQualityInspectionUseCaseTests.swift */,
				46525111C581002163E73E20 /* DefaultOnDeviceQualityInspectionUseCaseTests.swift */,
			);
			name = UseCase;
			path = UseCase;
			sourceTree = "<group>";
		};
		9268A29BE35FA1DE214CCC74 /* Repository */ = {
			isa = PBXGroup;
			children = (
				B1DD0B47F50D9558439CFC47 /* OnDeviceBananaQualityRepository.swift */,
				2A822D55194F7FF6FAD50697 /* RemoteBananaQualityRepository.swift */,
				43B43446BD1D58DE976618FE /* NetworkReachability.swift */,
				AA605B806609F4B26DE65233 /* CameraRepository.swift */,
			);
			name = Repository;
			path = Repository;
			sourceTree = "<group>";
		};
		9A1F1E9878611CCCD13E43EE /* Application */ = {
			isa = PBXGroup;
			children = (
				B1EED76729266015004A65BC /* AppDelegate.swift */,
				B1EED76929266015004A65BC /* SceneDelegate.swift */,
				5D5A6DC424933FA8B72881B5 /* AppDependency.swift */,
			);
			name = Application;
			path = Application;
			sourceTree = "<group>";
		};
		A1EE442B5B549C62B91994BF /* Frameworks */ = {
			isa = PBXGroup;
			children = (
			);
			name = Frameworks;
			sourceTree = "<group>";
		};
		B1EED75B29266015004A65BC = {
			isa = PBXGroup;
			children = (
				B1EED76629266015004A65BC /* SmartAI */,
				B1EED76529266015004A65BC /* Products */,
				A1EE442B5B549C62B91994BF /* Frameworks */,
				8CF448DA945F595040E11976 /* SmartAITests */,
			);
			sourceTree = "<group>";
		};
		B1EED76529266015004A65BC /* Products */ = {
			isa = PBXGroup;
			children = (
				B1EED76429266015004A65BC /* SmartAI.app */,
				AEF3584E8EE5DBA84420AEA3 /* SmartAITests.xctest */,
			);
			name = Products;
			sourceTree = "<group>";
		};
		B1EED76629266015004A65BC /* SmartAI */ = {
			isa = PBXGroup;
			children = (
				B1EED78829267586004A65BC /* Supporting Files */,
				9A1F1E9878611CCCD13E43EE /* Application */,
				CD8693E939DF0076D7BF7C9A /* Presentation */,
				35639D5C92D902775DECCEEF /* Domain */,
				BE478DE485C5F42D2555840D /* Data */,
			);
			path = SmartAI;
			sourceTree = "<group>";
		};
		B1EED78829267586004A65BC /* Supporting Files */ = {
			isa = PBXGroup;
			children = (
				B1EED77529266017004A65BC /* Info.plist */,
				B1EED77029266017004A65BC /* Assets.xcassets */,
				B1EED77229266017004A65BC /* LaunchScreen.storyboard */,
				60470B75557DC5E669F1939E /* Fonts */,
			);
			path = "Supporting Files";
			sourceTree = "<group>";
		};
		B5060D933D38875F5BC49E54 /* Extension */ = {
			isa = PBXGroup;
			children = (
				A34AF84C5B6526047937846F /* ImageOrientation+UIKit.swift */,
			);
			name = Extension;
			path = Extension;
			sourceTree = "<group>";
		};
		BE478DE485C5F42D2555840D /* Data */ = {
			isa = PBXGroup;
			children = (
				B5060D933D38875F5BC49E54 /* Extension */,
				898263DBCA1F7A35073E8B8E /* DataSource */,
			);
			name = Data;
			path = Data;
			sourceTree = "<group>";
		};
		C36FEC73E7AC4FCE636477BE /* Domain */ = {
			isa = PBXGroup;
			children = (
				8EA5489B0D1BB0DC69B9A19F /* UseCase */,
			);
			name = Domain;
			path = Domain;
			sourceTree = "<group>";
		};
		C4665C96B1ED53A5809699AA /* Presentation */ = {
			isa = PBXGroup;
			children = (
				38289F6AC7BF5057B9D35394 /* Extension */,
				558EE155953918DAEF503355 /* Camera */,
			);
			name = Presentation;
			path = Presentation;
			sourceTree = "<group>";
		};
		C6DBABBD1349214C9C67B9E2 /* Entity */ = {
			isa = PBXGroup;
			children = (
				042D491D694164D3742872A3 /* InferenceSource.swift */,
				5B187A17C7A6F3BE6BA1749C /* BananaGrade.swift */,
				E814EFAF107E694CDA601B40 /* QualityAssessment.swift */,
				14898CE0EAF83006FF67162B /* ImageOrientation.swift */,
				64118900F81BB1DB33C65FC1 /* CapturedPhoto.swift */,
				DAA91E945629B07E573F1B30 /* QualityInspectionError.swift */,
				797783369EAED89D169B4D4A /* CameraError.swift */,
			);
			name = Entity;
			path = Entity;
			sourceTree = "<group>";
		};
		CD8693E939DF0076D7BF7C9A /* Presentation */ = {
			isa = PBXGroup;
			children = (
				EB73917F0131F0E4EBDD4F59 /* Extension */,
				CE5DC7B39115886C2B6BBC46 /* Common */,
				387C0D46A6C5B3A296EB77C1 /* Camera */,
				8FCE61E55F5298A2EA0F2B3A /* AppCoordinator.swift */,
			);
			name = Presentation;
			path = Presentation;
			sourceTree = "<group>";
		};
		CE5DC7B39115886C2B6BBC46 /* Common */ = {
			isa = PBXGroup;
			children = (
				275ECA3155A42C46BD34360E /* Coordinator.swift */,
			);
			name = Common;
			path = Common;
			sourceTree = "<group>";
		};
		E4D6CDAEF01C226D83658C9C /* Support */ = {
			isa = PBXGroup;
			children = (
				473C7706AF7C67DE6882E61A /* XCTestCase+BehaviorDriven.swift */,
				1308466B3E8A451CA17CDF67 /* Fixtures.swift */,
				4D25A9C9E886780A53C6A40B /* StubNetworkReachability.swift */,
				334587395CB37ABAAAC0DF99 /* StubRemoteBananaQualityRepository.swift */,
				2EE1D2B3426FBE6396569CAF /* StubOnDeviceBananaQualityRepository.swift */,
				2B08439725235755D41C1EAF /* StubCameraSessionUseCase.swift */,
			);
			name = Support;
			path = Support;
			sourceTree = "<group>";
		};
		EB73917F0131F0E4EBDD4F59 /* Extension */ = {
			isa = PBXGroup;
			children = (
				9A14C728FF2BEF7DE9C71525 /* UIFont+Pretendard.swift */,
			);
			name = Extension;
			path = Extension;
			sourceTree = "<group>";
		};
/* End PBXGroup section */

/* Begin PBXNativeTarget section */
		B1EED76329266015004A65BC /* SmartAI */ = {
			isa = PBXNativeTarget;
			buildConfigurationList = B1EED77829266017004A65BC /* Build configuration list for PBXNativeTarget "SmartAI" */;
			buildPhases = (
				B1EED76029266015004A65BC /* Sources */,
				B1EED76129266015004A65BC /* Frameworks */,
				B1EED76229266015004A65BC /* Resources */,
			);
			buildRules = (
			);
			dependencies = (
			);
			name = SmartAI;
			packageProductDependencies = (
				7BA1DB077F41A9DC88240518 /* SnapKit */,
				8B9C5092EAFA33B63FD86FF7 /* RxSwift */,
				4FDC2BD7821936D884A53B42 /* RxCocoa */,
				752D6B58B8D6FFD85FC7C488 /* RxRelay */,
				5374E0693E9865A14B08A92B /* ReactorKit */,
			);
			productName = SmartAI;
			productReference = B1EED76429266015004A65BC /* SmartAI.app */;
			productType = "com.apple.product-type.application";
		};
		C35914F919B3099DBE4B9DD9 /* SmartAITests */ = {
			isa = PBXNativeTarget;
			buildConfigurationList = 0A5B712E127018372BF1E2F3 /* Build configuration list for PBXNativeTarget "SmartAITests" */;
			buildPhases = (
				0792193A8995D0E0A9AC010D /* Sources */,
				18CF0ED64C99A97DA4E0B74C /* Frameworks */,
				0CC5F79C1B3863715A148315 /* Resources */,
			);
			buildRules = (
			);
			dependencies = (
				B95EEB269DE930F6EFFBC59F /* PBXTargetDependency */,
			);
			name = SmartAITests;
			packageProductDependencies = (
				B7212326704084121872A492 /* RxSwift */,
				F7F764839D76B5CD3873D752 /* RxTest */,
				21213B20894F7FB1FD00D296 /* RxBlocking */,
				E5DDF1CDCBCB6636C6BD1352 /* ReactorKit */,
				4A637E995BB9D278CEE5650B /* RxCocoa */,
			);
			productName = SmartAITests;
			productReference = AEF3584E8EE5DBA84420AEA3 /* SmartAITests.xctest */;
			productType = "com.apple.product-type.bundle.unit-test";
		};
/* End PBXNativeTarget section */

/* Begin PBXProject section */
		B1EED75C29266015004A65BC /* Project object */ = {
			isa = PBXProject;
			attributes = {
				BuildIndependentTargetsInParallel = 1;
				LastSwiftUpdateCheck = 1400;
				LastUpgradeCheck = 1400;
				TargetAttributes = {
					B1EED76329266015004A65BC = {
						CreatedOnToolsVersion = 14.0;
					};
				};
			};
			buildConfigurationList = B1EED75F29266015004A65BC /* Build configuration list for PBXProject "SmartAI" */;
			compatibilityVersion = "Xcode 14.0";
			developmentRegion = en;
			hasScannedForEncodings = 0;
			knownRegions = (
				en,
				Base,
			);
			mainGroup = B1EED75B29266015004A65BC;
			packageReferences = (
				5FB5367A822D82402C6B4B0D /* XCRemoteSwiftPackageReference "SnapKit" */,
				ABF73840A80827237955D902 /* XCRemoteSwiftPackageReference "RxSwift" */,
				FA722A7C95ED6CFB185103BD /* XCRemoteSwiftPackageReference "ReactorKit" */,
			);
			productRefGroup = B1EED76529266015004A65BC /* Products */;
			projectDirPath = "";
			projectRoot = "";
			targets = (
				B1EED76329266015004A65BC /* SmartAI */,
				C35914F919B3099DBE4B9DD9 /* SmartAITests */,
			);
		};
/* End PBXProject section */

/* Begin PBXResourcesBuildPhase section */
		0CC5F79C1B3863715A148315 /* Resources */ = {
			isa = PBXResourcesBuildPhase;
			buildActionMask = 2147483647;
			files = (
			);
			runOnlyForDeploymentPostprocessing = 0;
		};
		B1EED76229266015004A65BC /* Resources */ = {
			isa = PBXResourcesBuildPhase;
			buildActionMask = 2147483647;
			files = (
				B1EED77429266017004A65BC /* LaunchScreen.storyboard in Resources */,
				B1EED77129266017004A65BC /* Assets.xcassets in Resources */,
				27EDC78E24003CBED6003D83 /* Pretendard-Light.otf in Resources */,
				1FF1F492FF141CC72A59935C /* Pretendard-Regular.otf in Resources */,
				D5C3AC745B69F5EEA9F1F35B /* Pretendard-Medium.otf in Resources */,
				FCD8E5F8F35008ABACDB8647 /* Pretendard-SemiBold.otf in Resources */,
				9D696998B09245AD45D0C5DB /* Pretendard-Bold.otf in Resources */,
				33C42723B536261878ACD493 /* Pretendard-ExtraBold.otf in Resources */,
			);
			runOnlyForDeploymentPostprocessing = 0;
		};
/* End PBXResourcesBuildPhase section */

/* Begin PBXSourcesBuildPhase section */
		0792193A8995D0E0A9AC010D /* Sources */ = {
			isa = PBXSourcesBuildPhase;
			buildActionMask = 2147483647;
			files = (
				197384BE68E003E95AC66A83 /* XCTestCase+BehaviorDriven.swift in Sources */,
				6CFDC074B952EF72EFA23294 /* UIFontPretendardTests.swift in Sources */,
				4614824930A8F8D88DBCBDA4 /* Fixtures.swift in Sources */,
				15DFE2CF216B06555C534275 /* StubNetworkReachability.swift in Sources */,
				222F86008558F2BF1F997BD0 /* StubRemoteBananaQualityRepository.swift in Sources */,
				66D669336A64D99E4B4612F8 /* StubOnDeviceBananaQualityRepository.swift in Sources */,
				3CE4EDAECD3E7411EF65FDB0 /* DefaultRemoteQualityInspectionUseCaseTests.swift in Sources */,
				9F8041197B9400791269BE09 /* DefaultOnDeviceQualityInspectionUseCaseTests.swift in Sources */,
				14A7C7FC6419085306F12DA2 /* StubCameraSessionUseCase.swift in Sources */,
				C91B2CFB4A9EE8C76DD6A8DC /* CameraReactorTests.swift in Sources */,
				CEF4EC604CAD0F6E60A15D08 /* CameraViewControllerTests.swift in Sources */,
			);
			runOnlyForDeploymentPostprocessing = 0;
		};
		B1EED76029266015004A65BC /* Sources */ = {
			isa = PBXSourcesBuildPhase;
			buildActionMask = 2147483647;
			files = (
				B1EED76829266015004A65BC /* AppDelegate.swift in Sources */,
				B1EED76A29266015004A65BC /* SceneDelegate.swift in Sources */,
				4EEFF4AA41596F5026E2A9B1 /* UIFont+Pretendard.swift in Sources */,
				FD9A209FDC8DE07AB9824097 /* InferenceSource.swift in Sources */,
				BB12A2E77DB6431B4A668CB3 /* BananaGrade.swift in Sources */,
				9F8E8843C68AABD42935B276 /* QualityAssessment.swift in Sources */,
				A230157F9E49522DC8D4E88F /* ImageOrientation.swift in Sources */,
				A06BAA13D08CC74E21BA2F5B /* CapturedPhoto.swift in Sources */,
				759C88A88564B011CC6510B6 /* QualityInspectionError.swift in Sources */,
				AD81896BD38136199ADAC4F3 /* CameraError.swift in Sources */,
				A07922F91F6D65E585E65F4A /* OnDeviceBananaQualityRepository.swift in Sources */,
				2AC6AF74912CA4CB5B47B72B /* RemoteBananaQualityRepository.swift in Sources */,
				F7CA80B0E0C16EE1C7317C95 /* NetworkReachability.swift in Sources */,
				F743E44994283825228098BE /* CameraRepository.swift in Sources */,
				4725DFE8F8297DEBA4607076 /* OnDeviceQualityInspectionUseCase.swift in Sources */,
				6D625AAB8B58CA8E1C600160 /* RemoteQualityInspectionUseCase.swift in Sources */,
				678E67A2DACE2D762F17E59B /* CameraSessionUseCase.swift in Sources */,
				FB1BD4104DAB51947FCA5815 /* DefaultRemoteQualityInspectionUseCase.swift in Sources */,
				3C691E6C0452F9B30A530423 /* DefaultOnDeviceQualityInspectionUseCase.swift in Sources */,
				B02698120F7C43959A77E59F /* DefaultCameraSessionUseCase.swift in Sources */,
				83E7FB1954C942A386705D6A /* Coordinator.swift in Sources */,
				BF0C6F011BE7316EBB1E1A6E /* ImageOrientation+UIKit.swift in Sources */,
				C561B0FB6098AB6E74CB73EC /* AVFoundationPhotoCaptureSession.swift in Sources */,
				A4844E5D63404B1A8A02B881 /* CameraReactor.swift in Sources */,
				94CDFA2DC1724EF38F158AA8 /* CameraPreviewView.swift in Sources */,
				874689AD4C6334E0EF7E4A19 /* CameraViewController.swift in Sources */,
				CEF787887BABA00167306AC7 /* CameraCoordinator.swift in Sources */,
				372750342092DEE85F990537 /* AppCoordinator.swift in Sources */,
				D84A8D5DEAA0D6A2D4A3335E /* AppDependency.swift in Sources */,
			);
			runOnlyForDeploymentPostprocessing = 0;
		};
/* End PBXSourcesBuildPhase section */

/* Begin PBXTargetDependency section */
		B95EEB269DE930F6EFFBC59F /* PBXTargetDependency */ = {
			isa = PBXTargetDependency;
			name = SmartAI;
			target = B1EED76329266015004A65BC /* SmartAI */;
			targetProxy = AB6827F6DF951B992064C2AF /* PBXContainerItemProxy */;
		};
/* End PBXTargetDependency section */

/* Begin PBXVariantGroup section */
		B1EED77229266017004A65BC /* LaunchScreen.storyboard */ = {
			isa = PBXVariantGroup;
			children = (
				B1EED77329266017004A65BC /* Base */,
			);
			name = LaunchScreen.storyboard;
			sourceTree = "<group>";
		};
/* End PBXVariantGroup section */

/* Begin XCBuildConfiguration section */
		36A22F93EADA4C4610EA946D /* Release */ = {
			isa = XCBuildConfiguration;
			buildSettings = {
				BUNDLE_LOADER = "$(TEST_HOST)";
				CLANG_ENABLE_OBJC_WEAK = NO;
				CODE_SIGN_STYLE = Automatic;
				CURRENT_PROJECT_VERSION = 1;
				DEVELOPMENT_TEAM = 38PD5AHVVF;
				GENERATE_INFOPLIST_FILE = YES;
				IPHONEOS_DEPLOYMENT_TARGET = 16.0;
				MARKETING_VERSION = 1.0;
				PRODUCT_BUNDLE_IDENTIFIER = lgvv.SmartAITests;
				PRODUCT_NAME = "$(TARGET_NAME)";
				SDKROOT = iphoneos;
				SWIFT_VERSION = 5.0;
				TARGETED_DEVICE_FAMILY = "1,2";
				TEST_HOST = "$(BUILT_PRODUCTS_DIR)/SmartAI.app/$(BUNDLE_EXECUTABLE_FOLDER_PATH)/SmartAI";
				VALIDATE_PRODUCT = YES;
			};
			name = Release;
		};
		B1EED77629266017004A65BC /* Debug */ = {
			isa = XCBuildConfiguration;
			buildSettings = {
				ALWAYS_SEARCH_USER_PATHS = NO;
				CLANG_ANALYZER_NONNULL = YES;
				CLANG_ANALYZER_NUMBER_OBJECT_CONVERSION = YES_AGGRESSIVE;
				CLANG_CXX_LANGUAGE_STANDARD = "gnu++20";
				CLANG_ENABLE_MODULES = YES;
				CLANG_ENABLE_OBJC_ARC = YES;
				CLANG_ENABLE_OBJC_WEAK = YES;
				CLANG_WARN_BLOCK_CAPTURE_AUTORELEASING = YES;
				CLANG_WARN_BOOL_CONVERSION = YES;
				CLANG_WARN_COMMA = YES;
				CLANG_WARN_CONSTANT_CONVERSION = YES;
				CLANG_WARN_DEPRECATED_OBJC_IMPLEMENTATIONS = YES;
				CLANG_WARN_DIRECT_OBJC_ISA_USAGE = YES_ERROR;
				CLANG_WARN_DOCUMENTATION_COMMENTS = YES;
				CLANG_WARN_EMPTY_BODY = YES;
				CLANG_WARN_ENUM_CONVERSION = YES;
				CLANG_WARN_INFINITE_RECURSION = YES;
				CLANG_WARN_INT_CONVERSION = YES;
				CLANG_WARN_NON_LITERAL_NULL_CONVERSION = YES;
				CLANG_WARN_OBJC_IMPLICIT_RETAIN_SELF = YES;
				CLANG_WARN_OBJC_LITERAL_CONVERSION = YES;
				CLANG_WARN_OBJC_ROOT_CLASS = YES_ERROR;
				CLANG_WARN_QUOTED_INCLUDE_IN_FRAMEWORK_HEADER = YES;
				CLANG_WARN_RANGE_LOOP_ANALYSIS = YES;
				CLANG_WARN_STRICT_PROTOTYPES = YES;
				CLANG_WARN_SUSPICIOUS_MOVE = YES;
				CLANG_WARN_UNGUARDED_AVAILABILITY = YES_AGGRESSIVE;
				CLANG_WARN_UNREACHABLE_CODE = YES;
				CLANG_WARN__DUPLICATE_METHOD_MATCH = YES;
				COPY_PHASE_STRIP = NO;
				DEBUG_INFORMATION_FORMAT = dwarf;
				ENABLE_STRICT_OBJC_MSGSEND = YES;
				ENABLE_TESTABILITY = YES;
				GCC_C_LANGUAGE_STANDARD = gnu11;
				GCC_DYNAMIC_NO_PIC = NO;
				GCC_NO_COMMON_BLOCKS = YES;
				GCC_OPTIMIZATION_LEVEL = 0;
				GCC_PREPROCESSOR_DEFINITIONS = (
					"DEBUG=1",
					"$(inherited)",
				);
				GCC_WARN_64_TO_32_BIT_CONVERSION = YES;
				GCC_WARN_ABOUT_RETURN_TYPE = YES_ERROR;
				GCC_WARN_UNDECLARED_SELECTOR = YES;
				GCC_WARN_UNINITIALIZED_AUTOS = YES_AGGRESSIVE;
				GCC_WARN_UNUSED_FUNCTION = YES;
				GCC_WARN_UNUSED_VARIABLE = YES;
				IPHONEOS_DEPLOYMENT_TARGET = 16.0;
				MTL_ENABLE_DEBUG_INFO = INCLUDE_SOURCE;
				MTL_FAST_MATH = YES;
				ONLY_ACTIVE_ARCH = YES;
				SDKROOT = iphoneos;
				SWIFT_ACTIVE_COMPILATION_CONDITIONS = DEBUG;
				SWIFT_OPTIMIZATION_LEVEL = "-Onone";
			};
			name = Debug;
		};
		B1EED77729266017004A65BC /* Release */ = {
			isa = XCBuildConfiguration;
			buildSettings = {
				ALWAYS_SEARCH_USER_PATHS = NO;
				CLANG_ANALYZER_NONNULL = YES;
				CLANG_ANALYZER_NUMBER_OBJECT_CONVERSION = YES_AGGRESSIVE;
				CLANG_CXX_LANGUAGE_STANDARD = "gnu++20";
				CLANG_ENABLE_MODULES = YES;
				CLANG_ENABLE_OBJC_ARC = YES;
				CLANG_ENABLE_OBJC_WEAK = YES;
				CLANG_WARN_BLOCK_CAPTURE_AUTORELEASING = YES;
				CLANG_WARN_BOOL_CONVERSION = YES;
				CLANG_WARN_COMMA = YES;
				CLANG_WARN_CONSTANT_CONVERSION = YES;
				CLANG_WARN_DEPRECATED_OBJC_IMPLEMENTATIONS = YES;
				CLANG_WARN_DIRECT_OBJC_ISA_USAGE = YES_ERROR;
				CLANG_WARN_DOCUMENTATION_COMMENTS = YES;
				CLANG_WARN_EMPTY_BODY = YES;
				CLANG_WARN_ENUM_CONVERSION = YES;
				CLANG_WARN_INFINITE_RECURSION = YES;
				CLANG_WARN_INT_CONVERSION = YES;
				CLANG_WARN_NON_LITERAL_NULL_CONVERSION = YES;
				CLANG_WARN_OBJC_IMPLICIT_RETAIN_SELF = YES;
				CLANG_WARN_OBJC_LITERAL_CONVERSION = YES;
				CLANG_WARN_OBJC_ROOT_CLASS = YES_ERROR;
				CLANG_WARN_QUOTED_INCLUDE_IN_FRAMEWORK_HEADER = YES;
				CLANG_WARN_RANGE_LOOP_ANALYSIS = YES;
				CLANG_WARN_STRICT_PROTOTYPES = YES;
				CLANG_WARN_SUSPICIOUS_MOVE = YES;
				CLANG_WARN_UNGUARDED_AVAILABILITY = YES_AGGRESSIVE;
				CLANG_WARN_UNREACHABLE_CODE = YES;
				CLANG_WARN__DUPLICATE_METHOD_MATCH = YES;
				COPY_PHASE_STRIP = NO;
				DEBUG_INFORMATION_FORMAT = "dwarf-with-dsym";
				ENABLE_NS_ASSERTIONS = NO;
				ENABLE_STRICT_OBJC_MSGSEND = YES;
				GCC_C_LANGUAGE_STANDARD = gnu11;
				GCC_NO_COMMON_BLOCKS = YES;
				GCC_WARN_64_TO_32_BIT_CONVERSION = YES;
				GCC_WARN_ABOUT_RETURN_TYPE = YES_ERROR;
				GCC_WARN_UNDECLARED_SELECTOR = YES;
				GCC_WARN_UNINITIALIZED_AUTOS = YES_AGGRESSIVE;
				GCC_WARN_UNUSED_FUNCTION = YES;
				GCC_WARN_UNUSED_VARIABLE = YES;
				IPHONEOS_DEPLOYMENT_TARGET = 16.0;
				MTL_ENABLE_DEBUG_INFO = NO;
				MTL_FAST_MATH = YES;
				SDKROOT = iphoneos;
				SWIFT_COMPILATION_MODE = wholemodule;
				SWIFT_OPTIMIZATION_LEVEL = "-O";
				VALIDATE_PRODUCT = YES;
			};
			name = Release;
		};
		B1EED77929266017004A65BC /* Debug */ = {
			isa = XCBuildConfiguration;
			buildSettings = {
				ASSETCATALOG_COMPILER_APPICON_NAME = AppIcon;
				ASSETCATALOG_COMPILER_GLOBAL_ACCENT_COLOR_NAME = AccentColor;
				CODE_SIGN_STYLE = Automatic;
				CURRENT_PROJECT_VERSION = 1;
				DEVELOPMENT_TEAM = 38PD5AHVVF;
				GENERATE_INFOPLIST_FILE = YES;
				INFOPLIST_FILE = "SmartAI/Supporting Files/Info.plist";
				INFOPLIST_KEY_NSCameraUsageDescription = "바나나 사진을 촬영해 신선도를 판별하기 위해 카메라를 사용합니다.";
				INFOPLIST_KEY_UIApplicationSupportsIndirectInputEvents = YES;
				INFOPLIST_KEY_UILaunchStoryboardName = LaunchScreen;
				INFOPLIST_KEY_UIMainStoryboardFile = "";
				INFOPLIST_KEY_UISupportedInterfaceOrientations_iPad = "UIInterfaceOrientationPortrait UIInterfaceOrientationPortraitUpsideDown UIInterfaceOrientationLandscapeLeft UIInterfaceOrientationLandscapeRight";
				INFOPLIST_KEY_UISupportedInterfaceOrientations_iPhone = "UIInterfaceOrientationPortrait UIInterfaceOrientationLandscapeLeft UIInterfaceOrientationLandscapeRight";
				IPHONEOS_DEPLOYMENT_TARGET = 16.0;
				LD_RUNPATH_SEARCH_PATHS = (
					"$(inherited)",
					"@executable_path/Frameworks",
				);
				MARKETING_VERSION = 1.0;
				PRODUCT_BUNDLE_IDENTIFIER = lgvv.SmartAI;
				PRODUCT_NAME = "$(TARGET_NAME)";
				SWIFT_EMIT_LOC_STRINGS = YES;
				SWIFT_VERSION = 5.0;
				TARGETED_DEVICE_FAMILY = "1,2";
			};
			name = Debug;
		};
		B1EED77A29266017004A65BC /* Release */ = {
			isa = XCBuildConfiguration;
			buildSettings = {
				ASSETCATALOG_COMPILER_APPICON_NAME = AppIcon;
				ASSETCATALOG_COMPILER_GLOBAL_ACCENT_COLOR_NAME = AccentColor;
				CODE_SIGN_STYLE = Automatic;
				CURRENT_PROJECT_VERSION = 1;
				DEVELOPMENT_TEAM = 38PD5AHVVF;
				GENERATE_INFOPLIST_FILE = YES;
				INFOPLIST_FILE = "SmartAI/Supporting Files/Info.plist";
				INFOPLIST_KEY_NSCameraUsageDescription = "바나나 사진을 촬영해 신선도를 판별하기 위해 카메라를 사용합니다.";
				INFOPLIST_KEY_UIApplicationSupportsIndirectInputEvents = YES;
				INFOPLIST_KEY_UILaunchStoryboardName = LaunchScreen;
				INFOPLIST_KEY_UIMainStoryboardFile = "";
				INFOPLIST_KEY_UISupportedInterfaceOrientations_iPad = "UIInterfaceOrientationPortrait UIInterfaceOrientationPortraitUpsideDown UIInterfaceOrientationLandscapeLeft UIInterfaceOrientationLandscapeRight";
				INFOPLIST_KEY_UISupportedInterfaceOrientations_iPhone = "UIInterfaceOrientationPortrait UIInterfaceOrientationLandscapeLeft UIInterfaceOrientationLandscapeRight";
				IPHONEOS_DEPLOYMENT_TARGET = 16.0;
				LD_RUNPATH_SEARCH_PATHS = (
					"$(inherited)",
					"@executable_path/Frameworks",
				);
				MARKETING_VERSION = 1.0;
				PRODUCT_BUNDLE_IDENTIFIER = lgvv.SmartAI;
				PRODUCT_NAME = "$(TARGET_NAME)";
				SWIFT_EMIT_LOC_STRINGS = YES;
				SWIFT_VERSION = 5.0;
				TARGETED_DEVICE_FAMILY = "1,2";
			};
			name = Release;
		};
		F16F251C9B2CBA71D7301FC3 /* Debug */ = {
			isa = XCBuildConfiguration;
			buildSettings = {
				BUNDLE_LOADER = "$(TEST_HOST)";
				CLANG_ENABLE_OBJC_WEAK = NO;
				CODE_SIGN_STYLE = Automatic;
				CURRENT_PROJECT_VERSION = 1;
				DEVELOPMENT_TEAM = 38PD5AHVVF;
				GENERATE_INFOPLIST_FILE = YES;
				IPHONEOS_DEPLOYMENT_TARGET = 16.0;
				MARKETING_VERSION = 1.0;
				PRODUCT_BUNDLE_IDENTIFIER = lgvv.SmartAITests;
				PRODUCT_NAME = "$(TARGET_NAME)";
				SDKROOT = iphoneos;
				SWIFT_VERSION = 5.0;
				TARGETED_DEVICE_FAMILY = "1,2";
				TEST_HOST = "$(BUILT_PRODUCTS_DIR)/SmartAI.app/$(BUNDLE_EXECUTABLE_FOLDER_PATH)/SmartAI";
			};
			name = Debug;
		};
/* End XCBuildConfiguration section */

/* Begin XCConfigurationList section */
		0A5B712E127018372BF1E2F3 /* Build configuration list for PBXNativeTarget "SmartAITests" */ = {
			isa = XCConfigurationList;
			buildConfigurations = (
				36A22F93EADA4C4610EA946D /* Release */,
				F16F251C9B2CBA71D7301FC3 /* Debug */,
			);
			defaultConfigurationIsVisible = 0;
			defaultConfigurationName = Release;
		};
		B1EED75F29266015004A65BC /* Build configuration list for PBXProject "SmartAI" */ = {
			isa = XCConfigurationList;
			buildConfigurations = (
				B1EED77629266017004A65BC /* Debug */,
				B1EED77729266017004A65BC /* Release */,
			);
			defaultConfigurationIsVisible = 0;
			defaultConfigurationName = Release;
		};
		B1EED77829266017004A65BC /* Build configuration list for PBXNativeTarget "SmartAI" */ = {
			isa = XCConfigurationList;
			buildConfigurations = (
				B1EED77929266017004A65BC /* Debug */,
				B1EED77A29266017004A65BC /* Release */,
			);
			defaultConfigurationIsVisible = 0;
			defaultConfigurationName = Release;
		};
/* End XCConfigurationList section */

/* Begin XCRemoteSwiftPackageReference section */
		5FB5367A822D82402C6B4B0D /* XCRemoteSwiftPackageReference "SnapKit" */ = {
			isa = XCRemoteSwiftPackageReference;
			repositoryURL = "https://github.com/SnapKit/SnapKit";
			requirement = {
				kind = upToNextMinorVersion;
				minimumVersion = 5.6.0;
			};
		};
		ABF73840A80827237955D902 /* XCRemoteSwiftPackageReference "RxSwift" */ = {
			isa = XCRemoteSwiftPackageReference;
			repositoryURL = "https://github.com/ReactiveX/RxSwift";
			requirement = {
				kind = upToNextMinorVersion;
				minimumVersion = 6.5.0;
			};
		};
		FA722A7C95ED6CFB185103BD /* XCRemoteSwiftPackageReference "ReactorKit" */ = {
			isa = XCRemoteSwiftPackageReference;
			repositoryURL = "https://github.com/ReactorKit/ReactorKit.git";
			requirement = {
				kind = upToNextMinorVersion;
				minimumVersion = 3.2.0;
			};
		};
/* End XCRemoteSwiftPackageReference section */

/* Begin XCSwiftPackageProductDependency section */
		21213B20894F7FB1FD00D296 /* RxBlocking */ = {
			isa = XCSwiftPackageProductDependency;
			package = ABF73840A80827237955D902 /* XCRemoteSwiftPackageReference "RxSwift" */;
			productName = RxBlocking;
		};
		4A637E995BB9D278CEE5650B /* RxCocoa */ = {
			isa = XCSwiftPackageProductDependency;
			package = ABF73840A80827237955D902 /* XCRemoteSwiftPackageReference "RxSwift" */;
			productName = RxCocoa;
		};
		4FDC2BD7821936D884A53B42 /* RxCocoa */ = {
			isa = XCSwiftPackageProductDependency;
			package = ABF73840A80827237955D902 /* XCRemoteSwiftPackageReference "RxSwift" */;
			productName = RxCocoa;
		};
		5374E0693E9865A14B08A92B /* ReactorKit */ = {
			isa = XCSwiftPackageProductDependency;
			package = FA722A7C95ED6CFB185103BD /* XCRemoteSwiftPackageReference "ReactorKit" */;
			productName = ReactorKit;
		};
		752D6B58B8D6FFD85FC7C488 /* RxRelay */ = {
			isa = XCSwiftPackageProductDependency;
			package = ABF73840A80827237955D902 /* XCRemoteSwiftPackageReference "RxSwift" */;
			productName = RxRelay;
		};
		7BA1DB077F41A9DC88240518 /* SnapKit */ = {
			isa = XCSwiftPackageProductDependency;
			package = 5FB5367A822D82402C6B4B0D /* XCRemoteSwiftPackageReference "SnapKit" */;
			productName = SnapKit;
		};
		8B9C5092EAFA33B63FD86FF7 /* RxSwift */ = {
			isa = XCSwiftPackageProductDependency;
			package = ABF73840A80827237955D902 /* XCRemoteSwiftPackageReference "RxSwift" */;
			productName = RxSwift;
		};
		B7212326704084121872A492 /* RxSwift */ = {
			isa = XCSwiftPackageProductDependency;
			package = ABF73840A80827237955D902 /* XCRemoteSwiftPackageReference "RxSwift" */;
			productName = RxSwift;
		};
		E5DDF1CDCBCB6636C6BD1352 /* ReactorKit */ = {
			isa = XCSwiftPackageProductDependency;
			package = FA722A7C95ED6CFB185103BD /* XCRemoteSwiftPackageReference "ReactorKit" */;
			productName = ReactorKit;
		};
		F7F764839D76B5CD3873D752 /* RxTest */ = {
			isa = XCSwiftPackageProductDependency;
			package = ABF73840A80827237955D902 /* XCRemoteSwiftPackageReference "RxSwift" */;
			productName = RxTest;
		};
/* End XCSwiftPackageProductDependency section */
	};
	rootObject = B1EED75C29266015004A65BC /* Project object */;
}
